
Microsoft Visual Studio Solution File, Format Version 12.00
# Visual Studio Version 17
VisualStudioVersion = 17.4.33110.190
MinimumVisualStudioVersion = 10.0.40219.1
Project("{8BC9CEB8-8B4A-11D0-8D11-00A0C91BC942}") = "lab3regex", "lab3regex\lab3regex.vcxproj", "{00FD21B7-7539-473C-A7E1-4D44CDA03168}"
EndProject
Global
	GlobalSection(SolutionConfigurationPlatforms) = preSolution
		Debug|x64 = Debug|x64
		Debug|x86 = Debug|x86
		Release|x64 = Release|x64
		Release|x86 = Release|x86
	EndGlobalSection
	GlobalSection(ProjectConfigurationPlatforms) = postSolution
		{00FD21B7-7539-473C-A7E1-4D44CDA03168}.Debug|x64.ActiveCfg = Debug|x64
		{00FD21B7-7539-473C-A7E1-4D44CDA03168}.Debug|x64.Build.0 = Debug|x64
		{00FD21B7-7539-473C-A7E1-4D44CDA03168}.Debug|x86.ActiveCfg = Debug|Win32
		{00FD21B7-7539-473C-A7E1-4D44CDA03168}.Debug|x86.Build.0 = Debug|Win32
		{00FD21B7-7539-473C-A7E1-4D44CDA03168}.Release|x64.ActiveCfg = Release|x64
		{00FD21B7-7539-473C-A7E1-4D44CDA03168}.Release|x64.Build.0 = Release|x64
		{00FD21B7-7539-473C-A7E1-4D44CDA03168}.Release|x86.ActiveCfg = Release|Win32
		{00FD21B7-7539-473C-A7E1-4D44CDA03168}.Release|x86.Build.0 = Release|Win32
	EndGlobalSection
	GlobalSection(SolutionProperties) = preSolution
		HideSolutionNode = FALSE
	EndGlobalSection
	GlobalSection(ExtensibilityGlobals) = postSolution
		SolutionGuid = {F0341920-948B-4FC6-BED4-133A0AB1EC5E}
	EndGlobalSection
EndGlobal
